<?xml version="1.0" encoding="UTF-8"?>
<Scheme
   version = "1.3">
   <BuildAction>
      <BuildActionEntries>
         <BuildActionEntry
            buildForRunning = "YES"
            buildForTesting = "YES">
            <BuildableReference
               BuildableIdentifier = "primary"
               BlueprintIdentifier = "72324F5C15A9102B0034CA8A"
               BuildableName = "ModelViewPresenterDemoTests.octest"
               BlueprintName = "ModelViewPresenterDemoTests"
               ReferencedContainer = "container:ModelViewPresenterDemo.xcodeproj">
            </BuildableReference>
         </BuildActionEntry>
      </BuildActionEntries>
   </BuildAction>
   <TestAction
      buildConfiguration = "Debug">
      <Testables>
         <TestableReference>
            <BuildableReference
               BuildableIdentifier = "primary"
               BlueprintIdentifier = "72324F5C15A9102B0034CA8A"
               BuildableName = "ModelViewPresenterDemoTests.octest"
               BlueprintName = "ModelViewPresenterDemoTests"
               ReferencedContainer = "container:ModelViewPresenterDemo.xcodeproj">
            </BuildableReference>
         </TestableReference>
      </Testables>
   </TestAction>
   <LaunchAction
      selectedDebuggerIdentifier = "Xcode.DebuggerFoundation.Debugger.GDB"
      selectedLauncherIdentifier = "Xcode.DebuggerFoundation.Launcher.GDB"
      useCustomWorkingDirectory = "NO">
   </LaunchAction>
</Scheme>
